
Microsoft Visual Studio Solution File, Format Version 12.00
# Visual Studio Version 16
VisualStudioVersion = 16.0.29728.190
MinimumVisualStudioVersion = 10.0.40219.1
Project("{FAE04EC0-301F-11D3-BF4B-00C04F79EFBC}") = "OOP_Assessment2", "OOP_Assessment2\OOP_Assessment2.csproj", "{8FECD1F5-0808-4CFC-8772-09CCC967D545}"
EndProject
Global
	GlobalSection(SolutionConfigurationPlatforms) = preSolution
		Debug|Any CPU = Debug|Any CPU
		Release|Any CPU = Release|Any CPU
	EndGlobalSection
	GlobalSection(ProjectConfigurationPlatforms) = postSolution
		{8FECD1F5-0808-4CFC-8772-09CCC967D545}.Debug|Any CPU.ActiveCfg = Debug|Any CPU
		{8FECD1F5-0808-4CFC-8772-09CCC967D545}.Debug|Any CPU.Build.0 = Debug|Any CPU
		{8FECD1F5-0808-4CFC-8772-09CCC967D545}.Release|Any CPU.ActiveCfg = Release|Any CPU
		{8FECD1F5-0808-4CFC-8772-09CCC967D545}.Release|Any CPU.Build.0 = Release|Any CPU
	EndGlobalSection
	GlobalSection(SolutionProperties) = preSolution
		HideSolutionNode = FALSE
	EndGlobalSection
	GlobalSection(ExtensibilityGlobals) = postSolution
		SolutionGuid = {EBFFBC3E-A822-474C-9914-4CA57A4E9C92}
	EndGlobalSection
EndGlobal
